
Microsoft Visual Studio Solution File, Format Version 12.00
# Visual Studio 15
VisualStudioVersion = 15.0.27130.2036
MinimumVisualStudioVersion = 10.0.40219.1
Project("{8BC9CEB8-8B4A-11D0-8D11-00A0C91BC942}") = "Lab12-14", "Lab12-14\Lab12-14.vcxproj", "{F357A9E4-E450-4EB6-AC7C-0C84F5F65920}"
EndProject
Project("{8BC9CEB8-8B4A-11D0-8D11-00A0C91BC942}") = "Examination - examples", "..\..\..\Desktop\Examination - examples\Examination - examples.vcxproj", "{527614D7-B162-4B75-951B-3E21FB21DC4C}"
EndProject
Global
	GlobalSection(SolutionConfigurationPlatforms) = preSolution
		Debug|x64 = Debug|x64
		Debug|x86 = Debug|x86
		Release|x64 = Release|x64
		Release|x86 = Release|x86
	EndGlobalSection
	GlobalSection(ProjectConfigurationPlatforms) = postSolution
		{F357A9E4-E450-4EB6-AC7C-0C84F5F65920}.Debug|x64.ActiveCfg = Debug|x64
		{F357A9E4-E450-4EB6-AC7C-0C84F5F65920}.Debug|x64.Build.0 = Debug|x64
		{F357A9E4-E450-4EB6-AC7C-0C84F5F65920}.Debug|x86.ActiveCfg = Debug|x64
		{F357A9E4-E450-4EB6-AC7C-0C84F5F65920}.Release|x64.ActiveCfg = Release|x64
		{F357A9E4-E450-4EB6-AC7C-0C84F5F65920}.Release|x64.Build.0 = Release|x64
		{F357A9E4-E450-4EB6-AC7C-0C84F5F65920}.Release|x86.ActiveCfg = Release|x64
		{527614D7-B162-4B75-951B-3E21FB21DC4C}.Debug|x64.ActiveCfg = Debug|x64
		{527614D7-B162-4B75-951B-3E21FB21DC4C}.Debug|x64.Build.0 = Debug|x64
		{527614D7-B162-4B75-951B-3E21FB21DC4C}.Debug|x86.ActiveCfg = Debug|Win32
		{527614D7-B162-4B75-951B-3E21FB21DC4C}.Debug|x86.Build.0 = Debug|Win32
		{527614D7-B162-4B75-951B-3E21FB21DC4C}.Release|x64.ActiveCfg = Release|x64
		{527614D7-B162-4B75-951B-3E21FB21DC4C}.Release|x64.Build.0 = Release|x64
		{527614D7-B162-4B75-951B-3E21FB21DC4C}.Release|x86.ActiveCfg = Release|Win32
		{527614D7-B162-4B75-951B-3E21FB21DC4C}.Release|x86.Build.0 = Release|Win32
	EndGlobalSection
	GlobalSection(SolutionProperties) = preSolution
		HideSolutionNode = FALSE
	EndGlobalSection
	GlobalSection(ExtensibilityGlobals) = postSolution
		SolutionGuid = {77577465-25C5-47C5-9618-26F8A796087F}
	EndGlobalSection
EndGlobal
